
Microsoft Visual Studio Solution File, Format Version 12.00
# Visual Studio Version 16
VisualStudioVersion = 16.0.29926.136
MinimumVisualStudioVersion = 10.0.40219.1
Project("{8BC9CEB8-8B4A-11D0-8D11-00A0C91BC942}") = "Day_8", "Day_8\Day_8.vcxproj", "{46285344-AB92-4075-9109-09E47A8BBF4F}"
EndProject
Global
	GlobalSection(SolutionConfigurationPlatforms) = preSolution
		Debug|x64 = Debug|x64
		Debug|x86 = Debug|x86
		Release|x64 = Release|x64
		Release|x86 = Release|x86
	EndGlobalSection
	GlobalSection(ProjectConfigurationPlatforms) = postSolution
		{46285344-AB92-4075-9109-09E47A8BBF4F}.Debug|x64.ActiveCfg = Debug|x64
		{46285344-AB92-4075-9109-09E47A8BBF4F}.Debug|x64.Build.0 = Debug|x64
		{46285344-AB92-4075-9109-09E47A8BBF4F}.Debug|x86.ActiveCfg = Debug|Win32
		{46285344-AB92-4075-9109-09E47A8BBF4F}.Debug|x86.Build.0 = Debug|Win32
		{46285344-AB92-4075-9109-09E47A8BBF4F}.Release|x64.ActiveCfg = Release|x64
		{46285344-AB92-4075-9109-09E47A8BBF4F}.Release|x64.Build.0 = Release|x64
		{46285344-AB92-4075-9109-09E47A8BBF4F}.Release|x86.ActiveCfg = Release|Win32
		{46285344-AB92-4075-9109-09E47A8BBF4F}.Release|x86.Build.0 = Release|Win32
	EndGlobalSection
	GlobalSection(SolutionProperties) = preSolution
		HideSolutionNode = FALSE
	EndGlobalSection
	GlobalSection(ExtensibilityGlobals) = postSolution
		SolutionGuid = {492ABA3B-74CB-4E26-B63D-ECC1AF9C0230}
	EndGlobalSection
EndGlobal
